// !$*UTF8*$!
{
	archiveVersion = 1;
	classes = {
	};
	objectVersion = 50;
	objects = {

/* Begin PBXBuildFile section */
		797349FC2694B0D400685762 /* AppDelegate.m in Sources */ = {isa = PBXBuildFile; fileRef = 797349FB2694B0D400685762 /* AppDelegate.m */; };
		797349FF2694B0D400685762 /* SceneDelegate.m in Sources */ = {isa = PBXBuildFile; fileRef = 797349FE2694B0D400685762 /* SceneDelegate.m */; };
		79734A022694B0D400685762 /* ViewController.m in Sources */ = {isa = PBXBuildFile; fileRef = 79734A012694B0D400685762 /* ViewController.m */; };
		79734A052694B0D400685762 /* Main.storyboard in Resources */ = {isa = PBXBuildFile; fileRef = 79734A032694B0D400685762 /* Main.storyboard */; };
		79734A072694B0D500685762 /* Assets.xcassets in Resources */ = {isa = PBXBuildFile; fileRef = 79734A062694B0D500685762 /* Assets.xcassets */; };
		79734A0A2694B0D500685762 /* LaunchScreen.storyboard in Resources */ = {isa = PBXBuildFile; fileRef = 79734A082694B0D500685762 /* LaunchScreen.storyboard */; };
		79734A0D2694B0D500685762 /* main.m in Sources */ = {isa = PBXBuildFile; fileRef = 79734A0C2694B0D500685762 /* main.m */; };
		79734A172694B0D500685762 /* ParseAppTests.m in Sources */ = {isa = PBXBuildFile; fileRef = 79734A162694B0D500685762 /* ParseAppTests.m */; };
		79734A222694B0D500685762 /* ParseAppUITests.m in Sources */ = {isa = PBXBuildFile; fileRef = 79734A212694B0D500685762 /* ParseAppUITests.m */; };
/* End PBXBuildFile section */

/* Begin PBXContainerItemProxy section */
		79734A132694B0D500685762 /* PBXContainerItemProxy */ = {
			isa = PBXContainerItemProxy;
			containerPortal = 797349EF2694B0D400685762 /* Project object */;
			proxyType = 1;
			remoteGlobalIDString = 797349F62694B0D400685762;
			remoteInfo = ParseApp;
		};
		79734A1E2694B0D500685762 /* PBXContainerItemProxy */ = {
			isa = PBXContainerItemProxy;
			containerPortal = 797349EF2694B0D400685762 /* Project object */;
			proxyType = 1;
			remoteGlobalIDString = 797349F62694B0D400685762;
			remoteInfo = ParseApp;
		};
/* End PBXContainerItemProxy section */

/* Begin PBXFileReference section */
		797349F72694B0D400685762 /* ParseApp.app */ = {isa = PBXFileReference; explicitFileType = wrapper.application; includeInIndex = 0; path = ParseApp.app; sourceTree = BUILT_PRODUCTS_DIR; };
		797349FA2694B0D400685762 /* AppDelegate.h */ = {isa = PBXFileReference; lastKnownFileType = sourcecode.c.h; path = AppDelegate.h; sourceTree = "<group>"; };
		797349FB2694B0D400685762 /* AppDelegate.m */ = {isa = PBXFileReference; lastKnownFileType = sourcecode.c.objc; path = AppDelegate.m; sourceTree = "<group>"; };
		797349FD2694B0D400685762 /* SceneDelegate.h */ = {isa = PBXFileReference; lastKnownFileType = sourcecode.c.h; path = SceneDelegate.h; sourceTree = "<group>"; };
		797349FE2694B0D400685762 /* SceneDelegate.m */ = {isa = PBXFileReference; lastKnownFileType = sourcecode.c.objc; path = SceneDelegate.m; sourceTree = "<group>"; };
		79734A002694B0D400685762 /* ViewController.h */ = {isa = PBXFileReference; lastKnownFileType = sourcecode.c.h; path = ViewController.h; sourceTree = "<group>"; };
		79734A012694B0D400685762 /* ViewController.m */ = {isa = PBXFileReference; lastKnownFileType = sourcecode.c.objc; path = ViewController.m; sourceTree = "<group>"; };
		79734A042694B0D400685762 /* Base */ = {isa = PBXFileReference; lastKnownFileType = file.storyboard; name = Base; path = Base.lproj/Main.storyboard; sourceTree = "<group>"; };
		79734A062694B0D500685762 /* Assets.xcassets */ = {isa = PBXFileReference; lastKnownFileType = folder.assetcatalog; path = Assets.xcassets; sourceTree = "<group>"; };
		79734A092694B0D500685762 /* Base */ = {isa = PBXFileReference; lastKnownFileType = file.storyboard; name = Base; path = Base.lproj/LaunchScreen.storyboard; sourceTree = "<group>"; };
		79734A0B2694B0D500685762 /* Info.plist */ = {isa = PBXFileReference; lastKnownFileType = text.plist.xml; path = Info.plist; sourceTree = "<group>"; };
		79734A0C2694B0D500685762 /* main.m */ = {isa = PBXFileReference; lastKnownFileType = sourcecode.c.objc; path = main.m; sourceTree = "<group>"; };
		79734A122694B0D500685762 /* ParseAppTests.xctest */ = {isa = PBXFileReference; explicitFileType = wrapper.cfbundle; includeInIndex = 0; path = ParseAppTests.xctest; sourceTree = BUILT_PRODUCTS_DIR; };
		79734A162694B0D500685762 /* ParseAppTests.m */ = {isa = PBXFileReference; lastKnownFileType = sourcecode.c.objc; path = ParseAppTests.m; sourceTree = "<group>"; };
		79734A182694B0D500685762 /* Info.plist */ = {isa = PBXFileReference; lastKnownFileType = text.plist.xml; path = Info.plist; sourceTree = "<group>"; };
		79734A1D2694B0D500685762 /* ParseAppUITests.xctest */ = {isa = PBXFileReference; explicitFileType = wrapper.cfbundle; includeInIndex = 0; path = ParseAppUITests.xctest; sourceTree = BUILT_PRODUCTS_DIR; };
		79734A212694B0D500685762 /* ParseAppUITests.m */ = {isa = PBXFileReference; lastKnownFileType = sourcecode.c.objc; path = ParseAppUITests.m; sourceTree = "<group>"; };
		79734A232694B0D500685762 /* Info.plist */ = {isa = PBXFileReference; lastKnownFileType = text.plist.xml; path = Info.plist; sourceTree = "<group>"; };
/* End PBXFileReference section */

/* Begin PBXFrameworksBuildPhase section */
		797349F42694B0D400685762 /* Frameworks */ = {
			isa = PBXFrameworksBuildPhase;
			buildActionMask = 2147483647;
			files = (
			);
			runOnlyForDeploymentPostprocessing = 0;
		};
		79734A0F2694B0D500685762 /* Frameworks */ = {
			isa = PBXFrameworksBuildPhase;
			buildActionMask = 2147483647;
			files = (
			);
			runOnlyForDeploymentPostprocessing = 0;
		};
		79734A1A2694B0D500685762 /* Frameworks */ = {
			isa = PBXFrameworksBuildPhase;
			buildActionMask = 2147483647;
			files = (
			);
			runOnlyForDeploymentPostprocessing = 0;
		};
/* End PBXFrameworksBuildPhase section */

/* Begin PBXGroup section */
		797349EE2694B0D400685762 = {
			isa = PBXGroup;
			children = (
				797349F92694B0D400685762 /* ParseApp */,
				79734A152694B0D500685762 /* ParseAppTests */,
				79734A202694B0D500685762 /* ParseAppUITests */,
				797349F82694B0D400685762 /* Products */,
			);
			sourceTree = "<group>";
		};
		797349F82694B0D400685762 /* Products */ = {
			isa = PBXGroup;
			children = (
				797349F72694B0D400685762 /* ParseApp.app */,
				79734A122694B0D500685762 /* ParseAppTests.xctest */,
				79734A1D2694B0D500685762 /* ParseAppUITests.xctest */,
			);
			name = Products;
			sourceTree = "<group>";
		};
		797349F92694B0D400685762 /* ParseApp */ = {
			isa = PBXGroup;
			children = (
				797349FA2694B0D400685762 /* AppDelegate.h */,
				797349FB2694B0D400685762 /* AppDelegate.m */,
				797349FD2694B0D400685762 /* SceneDelegate.h */,
				797349FE2694B0D400685762 /* SceneDelegate.m */,
				79734A002694B0D400685762 /* ViewController.h */,
				79734A012694B0D400685762 /* ViewController.m */,
				79734A032694B0D400685762 /* Main.storyboard */,
				79734A062694B0D500685762 /* Assets.xcassets */,
				79734A082694B0D500685762 /* LaunchScreen.storyboard */,
				79734A0B2694B0D500685762 /* Info.plist */,
				79734A0C2694B0D500685762 /* main.m */,
			);
			path = ParseApp;
			sourceTree = "<group>";
		};
		79734A152694B0D500685762 /* ParseAppTests */ = {
			isa = PBXGroup;
			children = (
				79734A162694B0D500685762 /* ParseAppTests.m */,
				79734A182694B0D500685762 /* Info.plist */,
			);
			path = ParseAppTests;
			sourceTree = "<group>";
		};
		79734A202694B0D500685762 /* ParseAppUITests */ = {
			isa = PBXGroup;
			children = (
				79734A212694B0D500685762 /* ParseAppUITests.m */,
				79734A232694B0D500685762 /* Info.plist */,
			);
			path = ParseAppUITests;
			sourceTree = "<group>";
		};
/* End PBXGroup section */

/* Begin PBXNativeTarget section */
		797349F62694B0D400685762 /* ParseApp */ = {
			isa = PBXNativeTarget;
			buildConfigurationList = 79734A262694B0D500685762 /* Build configuration list for PBXNativeTarget "ParseApp" */;
			buildPhases = (
				797349F32694B0D400685762 /* Sources */,
				797349F42694B0D400685762 /* Frameworks */,
				797349F52694B0D400685762 /* Resources */,
			);
			buildRules = (
			);
			dependencies = (
			);
			name = ParseApp;
			productName = ParseApp;
			productReference = 797349F72694B0D400685762 /* ParseApp.app */;
			productType = "com.apple.product-type.application";
		};
		79734A112694B0D500685762 /* ParseAppTests */ = {
			isa = PBXNativeTarget;
			buildConfigurationList = 79734A292694B0D500685762 /* Build configuration list for PBXNativeTarget "ParseAppTests" */;
			buildPhases = (
				79734A0E2694B0D500685762 /* Sources */,
				79734A0F2694B0D500685762 /* Frameworks */,
				79734A102694B0D500685762 /* Resources */,
			);
			buildRules = (
			);
			dependencies = (
				79734A142694B0D500685762 /* PBXTargetDependency */,
			);
			name = ParseAppTests;
			productName = ParseAppTests;
			productReference = 79734A122694B0D500685762 /* ParseAppTests.xctest */;
			productType = "com.apple.product-type.bundle.unit-test";
		};
		79734A1C2694B0D500685762 /* ParseAppUITests */ = {
			isa = PBXNativeTarget;
			buildConfigurationList = 79734A2C2694B0D500685762 /* Build configuration list for PBXNativeTarget "ParseAppUITests" */;
			buildPhases = (
				79734A192694B0D500685762 /* Sources */,
				79734A1A2694B0D500685762 /* Frameworks */,
				79734A1B2694B0D500685762 /* Resources */,
			);
			buildRules = (
			);
			dependencies = (
				79734A1F2694B0D500685762 /* PBXTargetDependency */,
			);
			name = ParseAppUITests;
			productName = ParseAppUITests;
			productReference = 79734A1D2694B0D500685762 /* ParseAppUITests.xctest */;
			productType = "com.apple.product-type.bundle.ui-testing";
		};
/* End PBXNativeTarget section */

/* Begin PBXProject section */
		797349EF2694B0D400685762 /* Project object */ = {
			isa = PBXProject;
			attributes = {
				LastUpgradeCheck = 1250;
				TargetAttributes = {
					797349F62694B0D400685762 = {
						CreatedOnToolsVersion = 12.5.1;
					};
					79734A112694B0D500685762 = {
						CreatedOnToolsVersion = 12.5.1;
						TestTargetID = 797349F62694B0D400685762;
					};
					79734A1C2694B0D500685762 = {
						CreatedOnToolsVersion = 12.5.1;
						TestTargetID = 797349F62694B0D400685762;
					};
				};
			};
			buildConfigurationList = 797349F22694B0D400685762 /* Build configuration list for PBXProject "ParseApp" */;
			compatibilityVersion = "Xcode 9.3";
			developmentRegion = en;
			hasScannedForEncodings = 0;
			knownRegions = (
				en,
				Base,
			);
			mainGroup = 797349EE2694B0D400685762;
			productRefGroup = 797349F82694B0D400685762 /* Products */;
			projectDirPath = "";
			projectRoot = "";
			targets = (
				797349F62694B0D400685762 /* ParseApp */,
				79734A112694B0D500685762 /* ParseAppTests */,
				79734A1C2694B0D500685762 /* ParseAppUITests */,
			);
		};
/* End PBXProject section */

/* Begin PBXResourcesBuildPhase section */
		797349F52694B0D400685762 /* Resources */ = {
			isa = PBXResourcesBuildPhase;
			buildActionMask = 2147483647;
			files = (
				79734A0A2694B0D500685762 /* LaunchScreen.storyboard in Resources */,
				79734A072694B0D500685762 /* Assets.xcassets in Resources */,
				79734A052694B0D400685762 /* Main.storyboard in Resources */,
			);
			runOnlyForDeploymentPostprocessing = 0;
		};
		79734A102694B0D500685762 /* Resources */ = {
			isa = PBXResourcesBuildPhase;
			buildActionMask = 2147483647;
			files = (
			);
			runOnlyForDeploymentPostprocessing = 0;
		};
		79734A1B2694B0D500685762 /* Resources */ = {
			isa = PBXResourcesBuildPhase;
			buildActionMask = 2147483647;
			files = (
			);
			runOnlyForDeploymentPostprocessing = 0;
		};
/* End PBXResourcesBuildPhase section */

/* Begin PBXSourcesBuildPhase section */
		797349F32694B0D400685762 /* Sources */ = {
			isa = PBXSourcesBuildPhase;
			buildActionMask = 2147483647;
			files = (
				79734A022694B0D400685762 /* ViewController.m in Sources */,
				797349FC2694B0D400685762 /* AppDelegate.m in Sources */,
				79734A0D2694B0D500685762 /* main.m in Sources */,
				797349FF2694B0D400685762 /* SceneDelegate.m in Sources */,
			);
			runOnlyForDeploymentPostprocessing = 0;
		};
		79734A0E2694B0D500685762 /* Sources */ = {
			isa = PBXSourcesBuildPhase;
			buildActionMask = 2147483647;
			files = (
				79734A172694B0D500685762 /* ParseAppTests.m in Sources */,
			);
			runOnlyForDeploymentPostprocessing = 0;
		};
		79734A192694B0D500685762 /* Sources */ = {
			isa = PBXSourcesBuildPhase;
			buildActionMask = 2147483647;
			files = (
				79734A222694B0D500685762 /* ParseAppUITests.m in Sources */,
			);
			runOnlyForDeploymentPostprocessing = 0;
		};
/* End PBXSourcesBuildPhase section */

/* Begin PBXTargetDependency section */
		79734A142694B0D500685762 /* PBXTargetDependency */ = {
			isa = PBXTargetDependency;
			target = 797349F62694B0D400685762 /* ParseApp */;
			targetProxy = 79734A132694B0D500685762 /* PBXContainerItemProxy */;
		};
		79734A1F2694B0D500685762 /* PBXTargetDependency */ = {
			isa = PBXTargetDependency;
			target = 797349F62694B0D400685762 /* ParseApp */;
			targetProxy = 79734A1E2694B0D500685762 /* PBXContainerItemProxy */;
		};
/* End PBXTargetDependency section */

/* Begin PBXVariantGroup section */
		79734A032694B0D400685762 /* Main.storyboard */ = {
			isa = PBXVariantGroup;
			children = (
				79734A042694B0D400685762 /* Base */,
			);
			name = Main.storyboard;
			sourceTree = "<group>";
		};
		79734A082694B0D500685762 /* LaunchScreen.storyboard */ = {
			isa = PBXVariantGroup;
			children = (
				79734A092694B0D500685762 /* Base */,
			);
			name = LaunchScreen.storyboard;
			sourceTree = "<group>";
		};
/* End PBXVariantGroup section */

/* Begin XCBuildConfiguration section */
		79734A242694B0D500685762 /* Debug */ = {
			isa = XCBuildConfiguration;
			buildSettings = {
				ALWAYS_SEARCH_USER_PATHS = NO;
				CLANG_ANALYZER_NONNULL = YES;
				CLANG_ANALYZER_NUMBER_OBJECT_CONVERSION = YES_AGGRESSIVE;
				CLANG_CXX_LANGUAGE_STANDARD = "gnu++14";
				CLANG_CXX_LIBRARY = "libc++";
				CLANG_ENABLE_MODULES = YES;
				CLANG_ENABLE_OBJC_ARC = YES;
				CLANG_ENABLE_OBJC_WEAK = YES;
				CLANG_WARN_BLOCK_CAPTURE_AUTORELEASING = YES;
				CLANG_WARN_BOOL_CONVERSION = YES;
				CLANG_WARN_COMMA = YES;
				CLANG_WARN_CONSTANT_CONVERSION = YES;
				CLANG_WARN_DEPRECATED_OBJC_IMPLEMENTATIONS = YES;
				CLANG_WARN_DIRECT_OBJC_ISA_USAGE = YES_ERROR;
				CLANG_WARN_DOCUMENTATION_COMMENTS = YES;
				CLANG_WARN_EMPTY_BODY = YES;
				CLANG_WARN_ENUM_CONVERSION = YES;
				CLANG_WARN_INFINITE_RECURSION = YES;
				CLANG_WARN_INT_CONVERSION = YES;
				CLANG_WARN_NON_LITERAL_NULL_CONVERSION = YES;
				CLANG_WARN_OBJC_IMPLICIT_RETAIN_SELF = YES;
				CLANG_WARN_OBJC_LITERAL_CONVERSION = YES;
				CLANG_WARN_OBJC_ROOT_CLASS = YES_ERROR;
				CLANG_WARN_QUOTED_INCLUDE_IN_FRAMEWORK_HEADER = YES;
				CLANG_WARN_RANGE_LOOP_ANALYSIS = YES;
				CLANG_WARN_STRICT_PROTOTYPES = YES;
				CLANG_WARN_SUSPICIOUS_MOVE = YES;
				CLANG_WARN_UNGUARDED_AVAILABILITY = YES_AGGRESSIVE;
				CLANG_WARN_UNREACHABLE_CODE = YES;
				CLANG_WARN__DUPLICATE_METHOD_MATCH = YES;
				COPY_PHASE_STRIP = NO;
				DEBUG_INFORMATION_FORMAT = dwarf;
				ENABLE_STRICT_OBJC_MSGSEND = YES;
				ENABLE_TESTABILITY = YES;
				GCC_C_LANGUAGE_STANDARD = gnu11;
				GCC_DYNAMIC_NO_PIC = NO;
				GCC_NO_COMMON_BLOCKS = YES;
				GCC_OPTIMIZATION_LEVEL = 0;
				GCC_PREPROCESSOR_DEFINITIONS = (
					"DEBUG=1",
					"$(inherited)",
				);
				GCC_WARN_64_TO_32_BIT_CONVERSION = YES;
				GCC_WARN_ABOUT_RETURN_TYPE = YES_ERROR;
				GCC_WARN_UNDECLARED_SELECTOR = YES;
				GCC_WARN_UNINITIALIZED_AUTOS = YES_AGGRESSIVE;
				GCC_WARN_UNUSED_FUNCTION = YES;
				GCC_WARN_UNUSED_VARIABLE = YES;
				IPHONEOS_DEPLOYMENT_TARGET = 14.5;
				MTL_ENABLE_DEBUG_INFO = INCLUDE_SOURCE;
				MTL_FAST_MATH = YES;
				ONLY_ACTIVE_ARCH = YES;
				SDKROOT = iphoneos;
			};
			name = Debug;
		};
		79734A252694B0D500685762 /* Release */ = {
			isa = XCBuildConfiguration;
			buildSettings = {
				ALWAYS_SEARCH_USER_PATHS = NO;
				CLANG_ANALYZER_NONNULL = YES;
				CLANG_ANALYZER_NUMBER_OBJECT_CONVERSION = YES_AGGRESSIVE;
				CLANG_CXX_LANGUAGE_STANDARD = "gnu++14";
				CLANG_CXX_LIBRARY = "libc++";
				CLANG_ENABLE_MODULES = YES;
				CLANG_ENABLE_OBJC_ARC = YES;
				CLANG_ENABLE_OBJC_WEAK = YES;
				CLANG_WARN_BLOCK_CAPTURE_AUTORELEASING = YES;
				CLANG_WARN_BOOL_CONVERSION = YES;
				CLANG_WARN_COMMA = YES;
				CLANG_WARN_CONSTANT_CONVERSION = YES;
				CLANG_WARN_DEPRECATED_OBJC_IMPLEMENTATIONS = YES;
				CLANG_WARN_DIRECT_OBJC_ISA_USAGE = YES_ERROR;
				CLANG_WARN_DOCUMENTATION_COMMENTS = YES;
				CLANG_WARN_EMPTY_BODY = YES;
				CLANG_WARN_ENUM_CONVERSION = YES;
				CLANG_WARN_INFINITE_RECURSION = YES;
				CLANG_WARN_INT_CONVERSION = YES;
				CLANG_WARN_NON_LITERAL_NULL_CONVERSION = YES;
				CLANG_WARN_OBJC_IMPLICIT_RETAIN_SELF = YES;
				CLANG_WARN_OBJC_LITERAL_CONVERSION = YES;
				CLANG_WARN_OBJC_ROOT_CLASS = YES_ERROR;
				CLANG_WARN_QUOTED_INCLUDE_IN_FRAMEWORK_HEADER = YES;
				CLANG_WARN_RANGE_LOOP_ANALYSIS = YES;
				CLANG_WARN_STRICT_PROTOTYPES = YES;
				CLANG_WARN_SUSPICIOUS_MOVE = YES;
				CLANG_WARN_UNGUARDED_AVAILABILITY = YES_AGGRESSIVE;
				CLANG_WARN_UNREACHABLE_CODE = YES;
				CLANG_WARN__DUPLICATE_METHOD_MATCH = YES;
				COPY_PHASE_STRIP = NO;
				DEBUG_INFORMATION_FORMAT = "dwarf-with-dsym";
				ENABLE_NS_ASSERTIONS = NO;
				ENABLE_STRICT_OBJC_MSGSEND = YES;
				GCC_C_LANGUAGE_STANDARD = gnu11;
				GCC_NO_COMMON_BLOCKS = YES;
				GCC_WARN_64_TO_32_BIT_CONVERSION = YES;
				GCC_WARN_ABOUT_RETURN_TYPE = YES_ERROR;
				GCC_WARN_UNDECLARED_SELECTOR = YES;
				GCC_WARN_UNINITIALIZED_AUTOS = YES_AGGRESSIVE;
				GCC_WARN_UNUSED_FUNCTION = YES;
				GCC_WARN_UNUSED_VARIABLE = YES;
				IPHONEOS_DEPLOYMENT_TARGET = 14.5;
				MTL_ENABLE_DEBUG_INFO = NO;
				MTL_FAST_MATH = YES;
				SDKROOT = iphoneos;
				VALIDATE_PRODUCT = YES;
			};
			name = Release;
		};
		79734A272694B0D500685762 /* Debug */ = {
			isa = XCBuildConfiguration;
			buildSettings = {
				ASSETCATALOG_COMPILER_APPICON_NAME = AppIcon;
				ASSETCATALOG_COMPILER_GLOBAL_ACCENT_COLOR_NAME = AccentColor;
				CODE_SIGN_STYLE = Automatic;
				DEVELOPMENT_TEAM = M4MDH6LB49;
				INFOPLIST_FILE = ParseApp/Info.plist;
				LD_RUNPATH_SEARCH_PATHS = (
					"$(inherited)",
					"@executable_path/Frameworks",
				);
				PRODUCT_BUNDLE_IDENTIFIER = com.facebook.ParseApp;
				PRODUCT_NAME = "$(TARGET_NAME)";
				TARGETED_DEVICE_FAMILY = "1,2";
			};
			name = Debug;
		};
		79734A282694B0D500685762 /* Release */ = {
			isa = XCBuildConfiguration;
			buildSettings = {
				ASSETCATALOG_COMPILER_APPICON_NAME = AppIcon;
				ASSETCATALOG_COMPILER_GLOBAL_ACCENT_COLOR_NAME = AccentColor;
				CODE_SIGN_STYLE = Automatic;
				DEVELOPMENT_TEAM = M4MDH6LB49;
				INFOPLIST_FILE = ParseApp/Info.plist;
				LD_RUNPATH_SEARCH_PATHS = (
					"$(inherited)",
					"@executable_path/Frameworks",
				);
				PRODUCT_BUNDLE_IDENTIFIER = com.facebook.ParseApp;
				PRODUCT_NAME = "$(TARGET_NAME)";
				TARGETED_DEVICE_FAMILY = "1,2";
			};
			name = Release;
		};
		79734A2A2694B0D500685762 /* Debug */ = {
			isa = XCBuildConfiguration;
			buildSettings = {
				BUNDLE_LOADER = "$(TEST_HOST)";
				CODE_SIGN_STYLE = Automatic;
				DEVELOPMENT_TEAM = M4MDH6LB49;
				INFOPLIST_FILE = ParseAppTests/Info.plist;
				IPHONEOS_DEPLOYMENT_TARGET = 14.5;
				LD_RUNPATH_SEARCH_PATHS = (
					"$(inherited)",
					"@executable_path/Frameworks",
					"@loader_path/Frameworks",
				);
				PRODUCT_BUNDLE_IDENTIFIER = com.facebook.ParseAppTests;
				PRODUCT_NAME = "$(TARGET_NAME)";
				TARGETED_DEVICE_FAMILY = "1,2";
				TEST_HOST = "$(BUILT_PRODUCTS_DIR)/ParseApp.app/ParseApp";
			};
			name = Debug;
		};
		79734A2B2694B0D500685762 /* Release */ = {
			isa = XCBuildConfiguration;
			buildSettings = {
				BUNDLE_LOADER = "$(TEST_HOST)";
				CODE_SIGN_STYLE = Automatic;
				DEVELOPMENT_TEAM = M4MDH6LB49;
				INFOPLIST_FILE = ParseAppTests/Info.plist;
				IPHONEOS_DEPLOYMENT_TARGET = 14.5;
				LD_RUNPATH_SEARCH_PATHS = (
					"$(inherited)",
					"@executable_path/Frameworks",
					"@loader_path/Frameworks",
				);
				PRODUCT_BUNDLE_IDENTIFIER = com.facebook.ParseAppTests;
				PRODUCT_NAME = "$(TARGET_NAME)";
				TARGETED_DEVICE_FAMILY = "1,2";
				TEST_HOST = "$(BUILT_PRODUCTS_DIR)/ParseApp.app/ParseApp";
			};
			name = Release;
		};
		79734A2D2694B0D500685762 /* Debug */ = {
			isa = XCBuildConfiguration;
			buildSettings = {
				CODE_SIGN_STYLE = Automatic;
				DEVELOPMENT_TEAM = M4MDH6LB49;
				INFOPLIST_FILE = ParseAppUITests/Info.plist;
				LD_RUNPATH_SEARCH_PATHS = (
					"$(inherited)",
					"@executable_path/Frameworks",
					"@loader_path/Frameworks",
				);
				PRODUCT_BUNDLE_IDENTIFIER = com.facebook.ParseAppUITests;
				PRODUCT_NAME = "$(TARGET_NAME)";
				TARGETED_DEVICE_FAMILY = "1,2";
				TEST_TARGET_NAME = ParseApp;
			};
			name = Debug;
		};
		79734A2E2694B0D500685762 /* Release */ = {
			isa = XCBuildConfiguration;
			buildSettings = {
				CODE_SIGN_STYLE = Automatic;
				DEVELOPMENT_TEAM = M4MDH6LB49;
				INFOPLIST_FILE = ParseAppUITests/Info.plist;
				LD_RUNPATH_SEARCH_PATHS = (
					"$(inherited)",
					"@executable_path/Frameworks",
					"@loader_path/Frameworks",
				);
				PRODUCT_BUNDLE_IDENTIFIER = com.facebook.ParseAppUITests;
				PRODUCT_NAME = "$(TARGET_NAME)";
				TARGETED_DEVICE_FAMILY = "1,2";
				TEST_TARGET_NAME = ParseApp;
			};
			name = Release;
		};
/* End XCBuildConfiguration section */

/* Begin XCConfigurationList section */
		797349F22694B0D400685762 /* Build configuration list for PBXProject "ParseApp" */ = {
			isa = XCConfigurationList;
			buildConfigurations = (
				79734A242694B0D500685762 /* Debug */,
				79734A252694B0D500685762 /* Release */,
			);
			defaultConfigurationIsVisible = 0;
			defaultConfigurationName = Release;
		};
		79734A262694B0D500685762 /* Build configuration list for PBXNativeTarget "ParseApp" */ = {
			isa = XCConfigurationList;
			buildConfigurations = (
				79734A272694B0D500685762 /* Debug */,
				79734A282694B0D500685762 /* Release */,
			);
			defaultConfigurationIsVisible = 0;
			defaultConfigurationName = Release;
		};
		79734A292694B0D500685762 /* Build configuration list for PBXNativeTarget "ParseAppTests" */ = {
			isa = XCConfigurationList;
			buildConfigurations = (
				79734A2A2694B0D500685762 /* Debug */,
				79734A2B2694B0D500685762 /* Release */,
			);
			defaultConfigurationIsVisible = 0;
			defaultConfigurationName = Release;
		};
		79734A2C2694B0D500685762 /* Build configuration list for PBXNativeTarget "ParseAppUITests" */ = {
			isa = XCConfigurationList;
			buildConfigurations = (
				79734A2D2694B0D500685762 /* Debug */,
				79734A2E2694B0D500685762 /* Release */,
			);
			defaultConfigurationIsVisible = 0;
			defaultConfigurationName = Release;
		};
/* End XCConfigurationList section */
	};
	rootObject = 797349EF2694B0D400685762 /* Project object */;
}
